
Microsoft Visual Studio Solution File, Format Version 12.00
# Visual Studio Version 17
VisualStudioVersion = 17.0.31903.59
MinimumVisualStudioVersion = 10.0.40219.1
Project("{FAE04EC0-301F-11D3-BF4B-00C04F79EFBC}") = "Task2", "Task2\Task2.csproj", "{C6C3564F-1BE8-4529-B215-4887409BAB88}"
EndProject
Project("{FAE04EC0-301F-11D3-BF4B-00C04F79EFBC}") = "Task3", "Task3\Task3.csproj", "{BED26452-B573-4421-B17C-EC9C08026FF0}"
EndProject
Project("{FAE04EC0-301F-11D3-BF4B-00C04F79EFBC}") = "Task4", "Task4\Task4.csproj", "{4CD6C055-0515-42BB-B421-855A07247478}"
EndProject
Global
	GlobalSection(SolutionConfigurationPlatforms) = preSolution
		Debug|Any CPU = Debug|Any CPU
		Release|Any CPU = Release|Any CPU
	EndGlobalSection
	GlobalSection(SolutionProperties) = preSolution
		HideSolutionNode = FALSE
	EndGlobalSection
	GlobalSection(ProjectConfigurationPlatforms) = postSolution
		{C6C3564F-1BE8-4529-B215-4887409BAB88}.Debug|Any CPU.ActiveCfg = Debug|Any CPU
		{C6C3564F-1BE8-4529-B215-4887409BAB88}.Debug|Any CPU.Build.0 = Debug|Any CPU
		{C6C3564F-1BE8-4529-B215-4887409BAB88}.Release|Any CPU.ActiveCfg = Release|Any CPU
		{C6C3564F-1BE8-4529-B215-4887409BAB88}.Release|Any CPU.Build.0 = Release|Any CPU
		{BED26452-B573-4421-B17C-EC9C08026FF0}.Debug|Any CPU.ActiveCfg = Debug|Any CPU
		{BED26452-B573-4421-B17C-EC9C08026FF0}.Debug|Any CPU.Build.0 = Debug|Any CPU
		{BED26452-B573-4421-B17C-EC9C08026FF0}.Release|Any CPU.ActiveCfg = Release|Any CPU
		{BED26452-B573-4421-B17C-EC9C08026FF0}.Release|Any CPU.Build.0 = Release|Any CPU
		{4CD6C055-0515-42BB-B421-855A07247478}.Debug|Any CPU.ActiveCfg = Debug|Any CPU
		{4CD6C055-0515-42BB-B421-855A07247478}.Debug|Any CPU.Build.0 = Debug|Any CPU
		{4CD6C055-0515-42BB-B421-855A07247478}.Release|Any CPU.ActiveCfg = Release|Any CPU
		{4CD6C055-0515-42BB-B421-855A07247478}.Release|Any CPU.Build.0 = Release|Any CPU
	EndGlobalSection
EndGlobal
